
Microsoft Visual Studio Solution File, Format Version 12.00
# Visual Studio 2012
Project("{2150E333-8FDC-42A3-9474-1A3956D46DE8}") = "Net", "Net", "{9CBC59F1-1110-4824-877C-9D1DC3698091}"
EndProject
Project("{FAE04EC0-301F-11D3-BF4B-00C04F79EFBC}") = "WebChemistry.Framework.Visualization", "Net\WebChemistry.Framework.Visualization\WebChemistry.Framework.Visualization.csproj", "{0AFDFFFB-26D1-4967-88CE-4499A1929E06}"
EndProject
Global
	GlobalSection(SolutionConfigurationPlatforms) = preSolution
		Debug|Any CPU = Debug|Any CPU
		Release|Any CPU = Release|Any CPU
	EndGlobalSection
	GlobalSection(ProjectConfigurationPlatforms) = postSolution
		{0AFDFFFB-26D1-4967-88CE-4499A1929E06}.Debug|Any CPU.ActiveCfg = Debug|Any CPU
		{0AFDFFFB-26D1-4967-88CE-4499A1929E06}.Debug|Any CPU.Build.0 = Debug|Any CPU
		{0AFDFFFB-26D1-4967-88CE-4499A1929E06}.Release|Any CPU.ActiveCfg = Release|Any CPU
		{0AFDFFFB-26D1-4967-88CE-4499A1929E06}.Release|Any CPU.Build.0 = Release|Any CPU
	EndGlobalSection
	GlobalSection(SolutionProperties) = preSolution
		HideSolutionNode = FALSE
	EndGlobalSection
	GlobalSection(NestedProjects) = preSolution
		{0AFDFFFB-26D1-4967-88CE-4499A1929E06} = {9CBC59F1-1110-4824-877C-9D1DC3698091}
	EndGlobalSection
EndGlobal
